
Microsoft Visual Studio Solution File, Format Version 12.00
# Visual Studio Version 16
VisualStudioVersion = 16.0.29519.87
MinimumVisualStudioVersion = 10.0.40219.1
Project("{FAE04EC0-301F-11D3-BF4B-00C04F79EFBC}") = "Nlog.Sinks.Datadog.Logs", "Nlog.Sinks.Datadog.Logs.csproj", "{935D8F21-3105-470D-9188-E5156A2E321B}"
EndProject
Global
	GlobalSection(SolutionConfigurationPlatforms) = preSolution
		Debug|Any CPU = Debug|Any CPU
		Release|Any CPU = Release|Any CPU
	EndGlobalSection
	GlobalSection(ProjectConfigurationPlatforms) = postSolution
		{935D8F21-3105-470D-9188-E5156A2E321B}.Debug|Any CPU.ActiveCfg = Debug|Any CPU
		{935D8F21-3105-470D-9188-E5156A2E321B}.Debug|Any CPU.Build.0 = Debug|Any CPU
		{935D8F21-3105-470D-9188-E5156A2E321B}.Release|Any CPU.ActiveCfg = Release|Any CPU
		{935D8F21-3105-470D-9188-E5156A2E321B}.Release|Any CPU.Build.0 = Release|Any CPU
	EndGlobalSection
	GlobalSection(SolutionProperties) = preSolution
		HideSolutionNode = FALSE
	EndGlobalSection
	GlobalSection(ExtensibilityGlobals) = postSolution
		SolutionGuid = {3D548B36-79A8-44C8-BCA2-8B2FFE5E78D1}
	EndGlobalSection
EndGlobal
